
Microsoft Visual Studio Solution File, Format Version 12.00
# Visual Studio Version 16
VisualStudioVersion = 16.0.32901.82
MinimumVisualStudioVersion = 10.0.40219.1
Project("{FAE04EC0-301F-11D3-BF4B-00C04F79EFBC}") = "presentacion", "presentacion\presentacion.csproj", "{ABE677B6-5E01-4BDB-BE9C-9712769973FE}"
EndProject
Project("{FAE04EC0-301F-11D3-BF4B-00C04F79EFBC}") = "dominio", "dominio\dominio.csproj", "{27FD613D-EABB-4658-9946-4B92BA22A38E}"
EndProject
Project("{FAE04EC0-301F-11D3-BF4B-00C04F79EFBC}") = "negocio", "negocio\negocio.csproj", "{C54DB1D6-6C81-41AF-AECD-47B0FFD9DC28}"
EndProject
Global
	GlobalSection(SolutionConfigurationPlatforms) = preSolution
		Debug|Any CPU = Debug|Any CPU
		Release|Any CPU = Release|Any CPU
	EndGlobalSection
	GlobalSection(ProjectConfigurationPlatforms) = postSolution
		{ABE677B6-5E01-4BDB-BE9C-9712769973FE}.Debug|Any CPU.ActiveCfg = Debug|Any CPU
		{ABE677B6-5E01-4BDB-BE9C-9712769973FE}.Debug|Any CPU.Build.0 = Debug|Any CPU
		{ABE677B6-5E01-4BDB-BE9C-9712769973FE}.Release|Any CPU.ActiveCfg = Release|Any CPU
		{ABE677B6-5E01-4BDB-BE9C-9712769973FE}.Release|Any CPU.Build.0 = Release|Any CPU
		{27FD613D-EABB-4658-9946-4B92BA22A38E}.Debug|Any CPU.ActiveCfg = Debug|Any CPU
		{27FD613D-EABB-4658-9946-4B92BA22A38E}.Debug|Any CPU.Build.0 = Debug|Any CPU
		{27FD613D-EABB-4658-9946-4B92BA22A38E}.Release|Any CPU.ActiveCfg = Release|Any CPU
		{27FD613D-EABB-4658-9946-4B92BA22A38E}.Release|Any CPU.Build.0 = Release|Any CPU
		{C54DB1D6-6C81-41AF-AECD-47B0FFD9DC28}.Debug|Any CPU.ActiveCfg = Debug|Any CPU
		{C54DB1D6-6C81-41AF-AECD-47B0FFD9DC28}.Debug|Any CPU.Build.0 = Debug|Any CPU
		{C54DB1D6-6C81-41AF-AECD-47B0FFD9DC28}.Release|Any CPU.ActiveCfg = Release|Any CPU
		{C54DB1D6-6C81-41AF-AECD-47B0FFD9DC28}.Release|Any CPU.Build.0 = Release|Any CPU
	EndGlobalSection
	GlobalSection(SolutionProperties) = preSolution
		HideSolutionNode = FALSE
	EndGlobalSection
	GlobalSection(ExtensibilityGlobals) = postSolution
		SolutionGuid = {3325EFA0-C9AA-4D31-8C47-E9792D86684F}
	EndGlobalSection
EndGlobal
